// !$*UTF8*$!
{
	archiveVersion = 1;
	classes = {
	};
	objectVersion = 48;
	objects = {

/* Begin PBXBuildFile section */
		D0FAE10C20373F8D0036E992 /* AppDelegate.swift in Sources */ = {isa = PBXBuildFile; fileRef = D0FAE10B20373F8D0036E992 /* AppDelegate.swift */; };
		D0FAE11120373F8D0036E992 /* Main.storyboard in Resources */ = {isa = PBXBuildFile; fileRef = D0FAE10F20373F8D0036E992 /* Main.storyboard */; };
		D0FAE11320373F8D0036E992 /* Assets.xcassets in Resources */ = {isa = PBXBuildFile; fileRef = D0FAE11220373F8D0036E992 /* Assets.xcassets */; };
		D0FAE11620373F8E0036E992 /* LaunchScreen.storyboard in Resources */ = {isa = PBXBuildFile; fileRef = D0FAE11420373F8D0036E992 /* LaunchScreen.storyboard */; };
		D0FAE11E20373FD10036E992 /* MainTableVC.swift in Sources */ = {isa = PBXBuildFile; fileRef = D0FAE11D20373FD10036E992 /* MainTableVC.swift */; };
		D0FAE120203741050036E992 /* AddListVC.swift in Sources */ = {isa = PBXBuildFile; fileRef = D0FAE11F203741050036E992 /* AddListVC.swift */; };
/* End PBXBuildFile section */

/* Begin PBXFileReference section */
		D0FAE10820373F8D0036E992 /* EasyTodo.app */ = {isa = PBXFileReference; explicitFileType = wrapper.application; includeInIndex = 0; path = EasyTodo.app; sourceTree = BUILT_PRODUCTS_DIR; };
		D0FAE10B20373F8D0036E992 /* AppDelegate.swift */ = {isa = PBXFileReference; lastKnownFileType = sourcecode.swift; path = AppDelegate.swift; sourceTree = "<group>"; };
		D0FAE11020373F8D0036E992 /* Base */ = {isa = PBXFileReference; lastKnownFileType = file.storyboard; name = Base; path = Base.lproj/Main.storyboard; sourceTree = "<group>"; };
		D0FAE11220373F8D0036E992 /* Assets.xcassets */ = {isa = PBXFileReference; lastKnownFileType = folder.assetcatalog; path = Assets.xcassets; sourceTree = "<group>"; };
		D0FAE11520373F8D0036E992 /* Base */ = {isa = PBXFileReference; lastKnownFileType = file.storyboard; name = Base; path = Base.lproj/LaunchScreen.storyboard; sourceTree = "<group>"; };
		D0FAE11720373F8E0036E992 /* Info.plist */ = {isa = PBXFileReference; lastKnownFileType = text.plist.xml; path = Info.plist; sourceTree = "<group>"; };
		D0FAE11D20373FD10036E992 /* MainTableVC.swift */ = {isa = PBXFileReference; lastKnownFileType = sourcecode.swift; path = MainTableVC.swift; sourceTree = "<group>"; };
		D0FAE11F203741050036E992 /* AddListVC.swift */ = {isa = PBXFileReference; lastKnownFileType = sourcecode.swift; path = AddListVC.swift; sourceTree = "<group>"; };
/* End PBXFileReference section */

/* Begin PBXFrameworksBuildPhase section */
		D0FAE10520373F8D0036E992 /* Frameworks */ = {
			isa = PBXFrameworksBuildPhase;
			buildActionMask = 2147483647;
			files = (
			);
			runOnlyForDeploymentPostprocessing = 0;
		};
/* End PBXFrameworksBuildPhase section */

/* Begin PBXGroup section */
		D0507A71203C96E4007E0BDE /* Controller */ = {
			isa = PBXGroup;
			children = (
				D0FAE11F203741050036E992 /* AddListVC.swift */,
				D0FAE11D20373FD10036E992 /* MainTableVC.swift */,
			);
			path = Controller;
			sourceTree = "<group>";
		};
		D0507A72203C9752007E0BDE /* SupportingFiles */ = {
			isa = PBXGroup;
			children = (
				D0FAE11420373F8D0036E992 /* LaunchScreen.storyboard */,
				D0FAE11720373F8E0036E992 /* Info.plist */,
			);
			path = SupportingFiles;
			sourceTree = "<group>";
		};
		D0FAE0FF20373F8D0036E992 = {
			isa = PBXGroup;
			children = (
				D0FAE10A20373F8D0036E992 /* EasyTodo */,
				D0FAE10920373F8D0036E992 /* Products */,
			);
			sourceTree = "<group>";
		};
		D0FAE10920373F8D0036E992 /* Products */ = {
			isa = PBXGroup;
			children = (
				D0FAE10820373F8D0036E992 /* EasyTodo.app */,
			);
			name = Products;
			sourceTree = "<group>";
		};
		D0FAE10A20373F8D0036E992 /* EasyTodo */ = {
			isa = PBXGroup;
			children = (
				D0FAE10B20373F8D0036E992 /* AppDelegate.swift */,
				D0FAE10F20373F8D0036E992 /* Main.storyboard */,
				D0FAE11220373F8D0036E992 /* Assets.xcassets */,
				D0507A72203C9752007E0BDE /* SupportingFiles */,
				D0507A71203C96E4007E0BDE /* Controller */,
			);
			path = EasyTodo;
			sourceTree = "<group>";
		};
/* End PBXGroup section */

/* Begin PBXNativeTarget section */
		D0FAE10720373F8D0036E992 /* EasyTodo */ = {
			isa = PBXNativeTarget;
			buildConfigurationList = D0FAE11A20373F8E0036E992 /* Build configuration list for PBXNativeTarget "EasyTodo" */;
			buildPhases = (
				D0FAE10420373F8D0036E992 /* Sources */,
				D0FAE10520373F8D0036E992 /* Frameworks */,
				D0FAE10620373F8D0036E992 /* Resources */,
			);
			buildRules = (
			);
			dependencies = (
			);
			name = EasyTodo;
			productName = EasyTodo;
			productReference = D0FAE10820373F8D0036E992 /* EasyTodo.app */;
			productType = "com.apple.product-type.application";
		};
/* End PBXNativeTarget section */

/* Begin PBXProject section */
		D0FAE10020373F8D0036E992 /* Project object */ = {
			isa = PBXProject;
			attributes = {
				LastSwiftUpdateCheck = 0920;
				LastUpgradeCheck = 0920;
				ORGANIZATIONNAME = "Thanapat Sorralump";
				TargetAttributes = {
					D0FAE10720373F8D0036E992 = {
						CreatedOnToolsVersion = 9.2;
						ProvisioningStyle = Automatic;
					};
				};
			};
			buildConfigurationList = D0FAE10320373F8D0036E992 /* Build configuration list for PBXProject "EasyTodo" */;
			compatibilityVersion = "Xcode 8.0";
			developmentRegion = en;
			hasScannedForEncodings = 0;
			knownRegions = (
				en,
				Base,
			);
			mainGroup = D0FAE0FF20373F8D0036E992;
			productRefGroup = D0FAE10920373F8D0036E992 /* Products */;
			projectDirPath = "";
			projectRoot = "";
			targets = (
				D0FAE10720373F8D0036E992 /* EasyTodo */,
			);
		};
/* End PBXProject section */

/* Begin PBXResourcesBuildPhase section */
		D0FAE10620373F8D0036E992 /* Resources */ = {
			isa = PBXResourcesBuildPhase;
			buildActionMask = 2147483647;
			files = (
				D0FAE11620373F8E0036E992 /* LaunchScreen.storyboard in Resources */,
				D0FAE11320373F8D0036E992 /* Assets.xcassets in Resources */,
				D0FAE11120373F8D0036E992 /* Main.storyboard in Resources */,
			);
			runOnlyForDeploymentPostprocessing = 0;
		};
/* End PBXResourcesBuildPhase section */

/* Begin PBXSourcesBuildPhase section */
		D0FAE10420373F8D0036E992 /* Sources */ = {
			isa = PBXSourcesBuildPhase;
			buildActionMask = 2147483647;
			files = (
				D0FAE120203741050036E992 /* AddListVC.swift in Sources */,
				D0FAE11E20373FD10036E992 /* MainTableVC.swift in Sources */,
				D0FAE10C20373F8D0036E992 /* AppDelegate.swift in Sources */,
			);
			runOnlyForDeploymentPostprocessing = 0;
		};
/* End PBXSourcesBuildPhase section */

/* Begin PBXVariantGroup section */
		D0FAE10F20373F8D0036E992 /* Main.storyboard */ = {
			isa = PBXVariantGroup;
			children = (
				D0FAE11020373F8D0036E992 /* Base */,
			);
			name = Main.storyboard;
			sourceTree = "<group>";
		};
		D0FAE11420373F8D0036E992 /* LaunchScreen.storyboard */ = {
			isa = PBXVariantGroup;
			children = (
				D0FAE11520373F8D0036E992 /* Base */,
			);
			name = LaunchScreen.storyboard;
			sourceTree = "<group>";
		};
/* End PBXVariantGroup section */

/* Begin XCBuildConfiguration section */
		D0FAE11820373F8E0036E992 /* Debug */ = {
			isa = XCBuildConfiguration;
			buildSettings = {
				ALWAYS_SEARCH_USER_PATHS = NO;
				CLANG_ANALYZER_NONNULL = YES;
				CLANG_ANALYZER_NUMBER_OBJECT_CONVERSION = YES_AGGRESSIVE;
				CLANG_CXX_LANGUAGE_STANDARD = "gnu++14";
				CLANG_CXX_LIBRARY = "libc++";
				CLANG_ENABLE_MODULES = YES;
				CLANG_ENABLE_OBJC_ARC = YES;
				CLANG_WARN_BLOCK_CAPTURE_AUTORELEASING = YES;
				CLANG_WARN_BOOL_CONVERSION = YES;
				CLANG_WARN_COMMA = YES;
				CLANG_WARN_CONSTANT_CONVERSION = YES;
				CLANG_WARN_DIRECT_OBJC_ISA_USAGE = YES_ERROR;
				CLANG_WARN_DOCUMENTATION_COMMENTS = YES;
				CLANG_WARN_EMPTY_BODY = YES;
				CLANG_WARN_ENUM_CONVERSION = YES;
				CLANG_WARN_INFINITE_RECURSION = YES;
				CLANG_WARN_INT_CONVERSION = YES;
				CLANG_WARN_NON_LITERAL_NULL_CONVERSION = YES;
				CLANG_WARN_OBJC_LITERAL_CONVERSION = YES;
				CLANG_WARN_OBJC_ROOT_CLASS = YES_ERROR;
				CLANG_WARN_RANGE_LOOP_ANALYSIS = YES;
				CLANG_WARN_STRICT_PROTOTYPES = YES;
				CLANG_WARN_SUSPICIOUS_MOVE = YES;
				CLANG_WARN_UNGUARDED_AVAILABILITY = YES_AGGRESSIVE;
				CLANG_WARN_UNREACHABLE_CODE = YES;
				CLANG_WARN__DUPLICATE_METHOD_MATCH = YES;
				CODE_SIGN_IDENTITY = "iPhone Developer";
				COPY_PHASE_STRIP = NO;
				DEBUG_INFORMATION_FORMAT = dwarf;
				ENABLE_STRICT_OBJC_MSGSEND = YES;
				ENABLE_TESTABILITY = YES;
				GCC_C_LANGUAGE_STANDARD = gnu11;
				GCC_DYNAMIC_NO_PIC = NO;
				GCC_NO_COMMON_BLOCKS = YES;
				GCC_OPTIMIZATION_LEVEL = 0;
				GCC_PREPROCESSOR_DEFINITIONS = (
					"DEBUG=1",
					"$(inherited)",
				);
				GCC_WARN_64_TO_32_BIT_CONVERSION = YES;
				GCC_WARN_ABOUT_RETURN_TYPE = YES_ERROR;
				GCC_WARN_UNDECLARED_SELECTOR = YES;
				GCC_WARN_UNINITIALIZED_AUTOS = YES_AGGRESSIVE;
				GCC_WARN_UNUSED_FUNCTION = YES;
				GCC_WARN_UNUSED_VARIABLE = YES;
				IPHONEOS_DEPLOYMENT_TARGET = 11.2;
				MTL_ENABLE_DEBUG_INFO = YES;
				ONLY_ACTIVE_ARCH = YES;
				SDKROOT = iphoneos;
				SWIFT_ACTIVE_COMPILATION_CONDITIONS = DEBUG;
				SWIFT_OPTIMIZATION_LEVEL = "-Onone";
			};
			name = Debug;
		};
		D0FAE11920373F8E0036E992 /* Release */ = {
			isa = XCBuildConfiguration;
			buildSettings = {
				ALWAYS_SEARCH_USER_PATHS = NO;
				CLANG_ANALYZER_NONNULL = YES;
				CLANG_ANALYZER_NUMBER_OBJECT_CONVERSION = YES_AGGRESSIVE;
				CLANG_CXX_LANGUAGE_STANDARD = "gnu++14";
				CLANG_CXX_LIBRARY = "libc++";
				CLANG_ENABLE_MODULES = YES;
				CLANG_ENABLE_OBJC_ARC = YES;
				CLANG_WARN_BLOCK_CAPTURE_AUTORELEASING = YES;
				CLANG_WARN_BOOL_CONVERSION = YES;
				CLANG_WARN_COMMA = YES;
				CLANG_WARN_CONSTANT_CONVERSION = YES;
				CLANG_WARN_DIRECT_OBJC_ISA_USAGE = YES_ERROR;
				CLANG_WARN_DOCUMENTATION_COMMENTS = YES;
				CLANG_WARN_EMPTY_BODY = YES;
				CLANG_WARN_ENUM_CONVERSION = YES;
				CLANG_WARN_INFINITE_RECURSION = YES;
				CLANG_WARN_INT_CONVERSION = YES;
				CLANG_WARN_NON_LITERAL_NULL_CONVERSION = YES;
				CLANG_WARN_OBJC_LITERAL_CONVERSION = YES;
				CLANG_WARN_OBJC_ROOT_CLASS = YES_ERROR;
				CLANG_WARN_RANGE_LOOP_ANALYSIS = YES;
				CLANG_WARN_STRICT_PROTOTYPES = YES;
				CLANG_WARN_SUSPICIOUS_MOVE = YES;
				CLANG_WARN_UNGUARDED_AVAILABILITY = YES_AGGRESSIVE;
				CLANG_WARN_UNREACHABLE_CODE = YES;
				CLANG_WARN__DUPLICATE_METHOD_MATCH = YES;
				CODE_SIGN_IDENTITY = "iPhone Developer";
				COPY_PHASE_STRIP = NO;
				DEBUG_INFORMATION_FORMAT = "dwarf-with-dsym";
				ENABLE_NS_ASSERTIONS = NO;
				ENABLE_STRICT_OBJC_MSGSEND = YES;
				GCC_C_LANGUAGE_STANDARD = gnu11;
				GCC_NO_COMMON_BLOCKS = YES;
				GCC_WARN_64_TO_32_BIT_CONVERSION = YES;
				GCC_WARN_ABOUT_RETURN_TYPE = YES_ERROR;
				GCC_WARN_UNDECLARED_SELECTOR = YES;
				GCC_WARN_UNINITIALIZED_AUTOS = YES_AGGRESSIVE;
				GCC_WARN_UNUSED_FUNCTION = YES;
				GCC_WARN_UNUSED_VARIABLE = YES;
				IPHONEOS_DEPLOYMENT_TARGET = 11.2;
				MTL_ENABLE_DEBUG_INFO = NO;
				SDKROOT = iphoneos;
				SWIFT_OPTIMIZATION_LEVEL = "-Owholemodule";
				VALIDATE_PRODUCT = YES;
			};
			name = Release;
		};
		D0FAE11B20373F8E0036E992 /* Debug */ = {
			isa = XCBuildConfiguration;
			buildSettings = {
				ASSETCATALOG_COMPILER_APPICON_NAME = AppIcon;
				CODE_SIGN_STYLE = Automatic;
				DEVELOPMENT_TEAM = 6M47TVX487;
				INFOPLIST_FILE = EasyTodo/Info.plist;
				LD_RUNPATH_SEARCH_PATHS = "$(inherited) @executable_path/Frameworks";
				PRODUCT_BUNDLE_IDENTIFIER = com.camp.EasyTodo;
				PRODUCT_NAME = "$(TARGET_NAME)";
				SWIFT_VERSION = 4.0;
				TARGETED_DEVICE_FAMILY = "1,2";
			};
			name = Debug;
		};
		D0FAE11C20373F8E0036E992 /* Release */ = {
			isa = XCBuildConfiguration;
			buildSettings = {
				ASSETCATALOG_COMPILER_APPICON_NAME = AppIcon;
				CODE_SIGN_STYLE = Automatic;
				DEVELOPMENT_TEAM = 6M47TVX487;
				INFOPLIST_FILE = EasyTodo/Info.plist;
				LD_RUNPATH_SEARCH_PATHS = "$(inherited) @executable_path/Frameworks";
				PRODUCT_BUNDLE_IDENTIFIER = com.camp.EasyTodo;
				PRODUCT_NAME = "$(TARGET_NAME)";
				SWIFT_VERSION = 4.0;
				TARGETED_DEVICE_FAMILY = "1,2";
			};
			name = Release;
		};
/* End XCBuildConfiguration section */

/* Begin XCConfigurationList section */
		D0FAE10320373F8D0036E992 /* Build configuration list for PBXProject "EasyTodo" */ = {
			isa = XCConfigurationList;
			buildConfigurations = (
				D0FAE11820373F8E0036E992 /* Debug */,
				D0FAE11920373F8E0036E992 /* Release */,
			);
			defaultConfigurationIsVisible = 0;
			defaultConfigurationName = Release;
		};
		D0FAE11A20373F8E0036E992 /* Build configuration list for PBXNativeTarget "EasyTodo" */ = {
			isa = XCConfigurationList;
			buildConfigurations = (
				D0FAE11B20373F8E0036E992 /* Debug */,
				D0FAE11C20373F8E0036E992 /* Release */,
			);
			defaultConfigurationIsVisible = 0;
			defaultConfigurationName = Release;
		};
/* End XCConfigurationList section */
	};
	rootObject = D0FAE10020373F8D0036E992 /* Project object */;
}
